
Microsoft Visual Studio Solution File, Format Version 12.00
# Visual Studio Version 17
VisualStudioVersion = 17.8.34316.72
MinimumVisualStudioVersion = 10.0.40219.1
Project("{FAE04EC0-301F-11D3-BF4B-00C04F79EFBC}") = "WinformTask", "WinformTask.csproj", "{AD7B70FE-7145-43B9-A687-D2CB58123F30}"
EndProject
Global
	GlobalSection(SolutionConfigurationPlatforms) = preSolution
		Debug|Any CPU = Debug|Any CPU
		Release|Any CPU = Release|Any CPU
	EndGlobalSection
	GlobalSection(ProjectConfigurationPlatforms) = postSolution
		{AD7B70FE-7145-43B9-A687-D2CB58123F30}.Debug|Any CPU.ActiveCfg = Debug|Any CPU
		{AD7B70FE-7145-43B9-A687-D2CB58123F30}.Debug|Any CPU.Build.0 = Debug|Any CPU
		{AD7B70FE-7145-43B9-A687-D2CB58123F30}.Release|Any CPU.ActiveCfg = Release|Any CPU
		{AD7B70FE-7145-43B9-A687-D2CB58123F30}.Release|Any CPU.Build.0 = Release|Any CPU
	EndGlobalSection
	GlobalSection(SolutionProperties) = preSolution
		HideSolutionNode = FALSE
	EndGlobalSection
	GlobalSection(ExtensibilityGlobals) = postSolution
		SolutionGuid = {4875B3F2-DC77-4A14-937D-10BEE939CE60}
	EndGlobalSection
EndGlobal
